
Microsoft Visual Studio Solution File, Format Version 12.00
# Visual Studio 15
VisualStudioVersion = 15.0.28307.421
MinimumVisualStudioVersion = 10.0.40219.1
Project("{FAE04EC0-301F-11D3-BF4B-00C04F79EFBC}") = "ConfirmRegistrationEmail2", "ConfirmRegistrationEmail2\ConfirmRegistrationEmail2.csproj", "{8E452F74-C60B-45CC-97F6-ACE0FA9C4C76}"
EndProject
Global
	GlobalSection(SolutionConfigurationPlatforms) = preSolution
		Debug|Any CPU = Debug|Any CPU
		Release|Any CPU = Release|Any CPU
	EndGlobalSection
	GlobalSection(ProjectConfigurationPlatforms) = postSolution
		{8E452F74-C60B-45CC-97F6-ACE0FA9C4C76}.Debug|Any CPU.ActiveCfg = Debug|Any CPU
		{8E452F74-C60B-45CC-97F6-ACE0FA9C4C76}.Debug|Any CPU.Build.0 = Debug|Any CPU
		{8E452F74-C60B-45CC-97F6-ACE0FA9C4C76}.Release|Any CPU.ActiveCfg = Release|Any CPU
		{8E452F74-C60B-45CC-97F6-ACE0FA9C4C76}.Release|Any CPU.Build.0 = Release|Any CPU
	EndGlobalSection
	GlobalSection(SolutionProperties) = preSolution
		HideSolutionNode = FALSE
	EndGlobalSection
	GlobalSection(ExtensibilityGlobals) = postSolution
		SolutionGuid = {4EF83ED7-B32F-4B06-BEFB-201221479F3A}
	EndGlobalSection
EndGlobal
